
Microsoft Visual Studio Solution File, Format Version 11.00
# Visual Studio 2010
Project("{FAE04EC0-301F-11D3-BF4B-00C04F79EFBC}") = "ClientStomp", "ClientStomp\ClientStomp.csproj", "{B08F4958-4CBB-4A62-A8AC-5B29B83B2D94}"
EndProject
Global
	GlobalSection(SolutionConfigurationPlatforms) = preSolution
		Debug|Any CPU = Debug|Any CPU
		Release|Any CPU = Release|Any CPU
	EndGlobalSection
	GlobalSection(ProjectConfigurationPlatforms) = postSolution
		{B08F4958-4CBB-4A62-A8AC-5B29B83B2D94}.Debug|Any CPU.ActiveCfg = Debug|Any CPU
		{B08F4958-4CBB-4A62-A8AC-5B29B83B2D94}.Debug|Any CPU.Build.0 = Debug|Any CPU
		{B08F4958-4CBB-4A62-A8AC-5B29B83B2D94}.Release|Any CPU.ActiveCfg = Release|Any CPU
		{B08F4958-4CBB-4A62-A8AC-5B29B83B2D94}.Release|Any CPU.Build.0 = Release|Any CPU
	EndGlobalSection
	GlobalSection(MonoDevelopProperties) = preSolution
		StartupItem = ClientStomp\ClientStomp.csproj
	EndGlobalSection
EndGlobal
